
Microsoft Visual Studio Solution File, Format Version 12.00
# Visual Studio Version 17
VisualStudioVersion = 17.4.33213.308
MinimumVisualStudioVersion = 10.0.40219.1
Project("{FAE04EC0-301F-11D3-BF4B-00C04F79EFBC}") = "Lesson 17-18_S Pravkami", "Lesson 17-18_S Pravkami\Lesson 17-18_S Pravkami.csproj", "{9ED21F76-1632-472A-86E0-4ADEA39223F0}"
EndProject
Global
	GlobalSection(SolutionConfigurationPlatforms) = preSolution
		Debug|Any CPU = Debug|Any CPU
		Release|Any CPU = Release|Any CPU
	EndGlobalSection
	GlobalSection(ProjectConfigurationPlatforms) = postSolution
		{9ED21F76-1632-472A-86E0-4ADEA39223F0}.Debug|Any CPU.ActiveCfg = Debug|Any CPU
		{9ED21F76-1632-472A-86E0-4ADEA39223F0}.Debug|Any CPU.Build.0 = Debug|Any CPU
		{9ED21F76-1632-472A-86E0-4ADEA39223F0}.Release|Any CPU.ActiveCfg = Release|Any CPU
		{9ED21F76-1632-472A-86E0-4ADEA39223F0}.Release|Any CPU.Build.0 = Release|Any CPU
	EndGlobalSection
	GlobalSection(SolutionProperties) = preSolution
		HideSolutionNode = FALSE
	EndGlobalSection
	GlobalSection(ExtensibilityGlobals) = postSolution
		SolutionGuid = {2613537D-0D22-46D6-B7F3-0B6D1640FFE6}
	EndGlobalSection
EndGlobal
